// !$*UTF8*$!
{
	archiveVersion = 1;
	classes = {
	};
	objectVersion = 50;
	objects = {

/* Begin PBXBuildFile section */
		22BDAD6F2695BFDF00033802 /* AppDelegate.swift in Sources */ = {isa = PBXBuildFile; fileRef = 22BDAD6E2695BFDF00033802 /* AppDelegate.swift */; };
		22BDAD712695BFDF00033802 /* SceneDelegate.swift in Sources */ = {isa = PBXBuildFile; fileRef = 22BDAD702695BFDF00033802 /* SceneDelegate.swift */; };
		22BDAD732695BFDF00033802 /* ViewController.swift in Sources */ = {isa = PBXBuildFile; fileRef = 22BDAD722695BFDF00033802 /* ViewController.swift */; };
		22BDAD762695BFDF00033802 /* Main.storyboard in Resources */ = {isa = PBXBuildFile; fileRef = 22BDAD742695BFDF00033802 /* Main.storyboard */; };
		22BDAD782695BFF000033802 /* Assets.xcassets in Resources */ = {isa = PBXBuildFile; fileRef = 22BDAD772695BFF000033802 /* Assets.xcassets */; };
		22BDAD7B2695BFF000033802 /* LaunchScreen.storyboard in Resources */ = {isa = PBXBuildFile; fileRef = 22BDAD792695BFF000033802 /* LaunchScreen.storyboard */; };
		22BDAD862695BFF100033802 /* ImaGestureTests.swift in Sources */ = {isa = PBXBuildFile; fileRef = 22BDAD852695BFF100033802 /* ImaGestureTests.swift */; };
		22BDAD912695BFF100033802 /* ImaGestureUITests.swift in Sources */ = {isa = PBXBuildFile; fileRef = 22BDAD902695BFF100033802 /* ImaGestureUITests.swift */; };
		22BDADA32695C32F00033802 /* Extension.swift in Sources */ = {isa = PBXBuildFile; fileRef = 22BDADA22695C32F00033802 /* Extension.swift */; };
/* End PBXBuildFile section */

/* Begin PBXContainerItemProxy section */
		22BDAD822695BFF100033802 /* PBXContainerItemProxy */ = {
			isa = PBXContainerItemProxy;
			containerPortal = 22BDAD632695BFDF00033802 /* Project object */;
			proxyType = 1;
			remoteGlobalIDString = 22BDAD6A2695BFDF00033802;
			remoteInfo = ImaGesture;
		};
		22BDAD8D2695BFF100033802 /* PBXContainerItemProxy */ = {
			isa = PBXContainerItemProxy;
			containerPortal = 22BDAD632695BFDF00033802 /* Project object */;
			proxyType = 1;
			remoteGlobalIDString = 22BDAD6A2695BFDF00033802;
			remoteInfo = ImaGesture;
		};
/* End PBXContainerItemProxy section */

/* Begin PBXFileReference section */
		22BDAD6B2695BFDF00033802 /* ImaGesture.app */ = {isa = PBXFileReference; explicitFileType = wrapper.application; includeInIndex = 0; path = ImaGesture.app; sourceTree = BUILT_PRODUCTS_DIR; };
		22BDAD6E2695BFDF00033802 /* AppDelegate.swift */ = {isa = PBXFileReference; lastKnownFileType = sourcecode.swift; path = AppDelegate.swift; sourceTree = "<group>"; };
		22BDAD702695BFDF00033802 /* SceneDelegate.swift */ = {isa = PBXFileReference; lastKnownFileType = sourcecode.swift; path = SceneDelegate.swift; sourceTree = "<group>"; };
		22BDAD722695BFDF00033802 /* ViewController.swift */ = {isa = PBXFileReference; lastKnownFileType = sourcecode.swift; path = ViewController.swift; sourceTree = "<group>"; };
		22BDAD752695BFDF00033802 /* Base */ = {isa = PBXFileReference; lastKnownFileType = file.storyboard; name = Base; path = Base.lproj/Main.storyboard; sourceTree = "<group>"; };
		22BDAD772695BFF000033802 /* Assets.xcassets */ = {isa = PBXFileReference; lastKnownFileType = folder.assetcatalog; path = Assets.xcassets; sourceTree = "<group>"; };
		22BDAD7A2695BFF000033802 /* Base */ = {isa = PBXFileReference; lastKnownFileType = file.storyboard; name = Base; path = Base.lproj/LaunchScreen.storyboard; sourceTree = "<group>"; };
		22BDAD7C2695BFF000033802 /* Info.plist */ = {isa = PBXFileReference; lastKnownFileType = text.plist.xml; path = Info.plist; sourceTree = "<group>"; };
		22BDAD812695BFF100033802 /* ImaGestureTests.xctest */ = {isa = PBXFileReference; explicitFileType = wrapper.cfbundle; includeInIndex = 0; path = ImaGestureTests.xctest; sourceTree = BUILT_PRODUCTS_DIR; };
		22BDAD852695BFF100033802 /* ImaGestureTests.swift */ = {isa = PBXFileReference; lastKnownFileType = sourcecode.swift; path = ImaGestureTests.swift; sourceTree = "<group>"; };
		22BDAD872695BFF100033802 /* Info.plist */ = {isa = PBXFileReference; lastKnownFileType = text.plist.xml; path = Info.plist; sourceTree = "<group>"; };
		22BDAD8C2695BFF100033802 /* ImaGestureUITests.xctest */ = {isa = PBXFileReference; explicitFileType = wrapper.cfbundle; includeInIndex = 0; path = ImaGestureUITests.xctest; sourceTree = BUILT_PRODUCTS_DIR; };
		22BDAD902695BFF100033802 /* ImaGestureUITests.swift */ = {isa = PBXFileReference; lastKnownFileType = sourcecode.swift; path = ImaGestureUITests.swift; sourceTree = "<group>"; };
		22BDAD922695BFF100033802 /* Info.plist */ = {isa = PBXFileReference; lastKnownFileType = text.plist.xml; path = Info.plist; sourceTree = "<group>"; };
		22BDADA22695C32F00033802 /* Extension.swift */ = {isa = PBXFileReference; lastKnownFileType = sourcecode.swift; path = Extension.swift; sourceTree = "<group>"; };
/* End PBXFileReference section */

/* Begin PBXFrameworksBuildPhase section */
		22BDAD682695BFDF00033802 /* Frameworks */ = {
			isa = PBXFrameworksBuildPhase;
			buildActionMask = 2147483647;
			files = (
			);
			runOnlyForDeploymentPostprocessing = 0;
		};
		22BDAD7E2695BFF100033802 /* Frameworks */ = {
			isa = PBXFrameworksBuildPhase;
			buildActionMask = 2147483647;
			files = (
			);
			runOnlyForDeploymentPostprocessing = 0;
		};
		22BDAD892695BFF100033802 /* Frameworks */ = {
			isa = PBXFrameworksBuildPhase;
			buildActionMask = 2147483647;
			files = (
			);
			runOnlyForDeploymentPostprocessing = 0;
		};
/* End PBXFrameworksBuildPhase section */

/* Begin PBXGroup section */
		22BDAD622695BFDF00033802 = {
			isa = PBXGroup;
			children = (
				22BDAD6D2695BFDF00033802 /* ImaGesture */,
				22BDAD842695BFF100033802 /* ImaGestureTests */,
				22BDAD8F2695BFF100033802 /* ImaGestureUITests */,
				22BDAD6C2695BFDF00033802 /* Products */,
			);
			sourceTree = "<group>";
		};
		22BDAD6C2695BFDF00033802 /* Products */ = {
			isa = PBXGroup;
			children = (
				22BDAD6B2695BFDF00033802 /* ImaGesture.app */,
				22BDAD812695BFF100033802 /* ImaGestureTests.xctest */,
				22BDAD8C2695BFF100033802 /* ImaGestureUITests.xctest */,
			);
			name = Products;
			sourceTree = "<group>";
		};
		22BDAD6D2695BFDF00033802 /* ImaGesture */ = {
			isa = PBXGroup;
			children = (
				22BDAD6E2695BFDF00033802 /* AppDelegate.swift */,
				22BDAD702695BFDF00033802 /* SceneDelegate.swift */,
				22BDAD722695BFDF00033802 /* ViewController.swift */,
				22BDAD742695BFDF00033802 /* Main.storyboard */,
				22BDAD772695BFF000033802 /* Assets.xcassets */,
				22BDAD792695BFF000033802 /* LaunchScreen.storyboard */,
				22BDAD7C2695BFF000033802 /* Info.plist */,
				22BDADA22695C32F00033802 /* Extension.swift */,
			);
			path = ImaGesture;
			sourceTree = "<group>";
		};
		22BDAD842695BFF100033802 /* ImaGestureTests */ = {
			isa = PBXGroup;
			children = (
				22BDAD852695BFF100033802 /* ImaGestureTests.swift */,
				22BDAD872695BFF100033802 /* Info.plist */,
			);
			path = ImaGestureTests;
			sourceTree = "<group>";
		};
		22BDAD8F2695BFF100033802 /* ImaGestureUITests */ = {
			isa = PBXGroup;
			children = (
				22BDAD902695BFF100033802 /* ImaGestureUITests.swift */,
				22BDAD922695BFF100033802 /* Info.plist */,
			);
			path = ImaGestureUITests;
			sourceTree = "<group>";
		};
/* End PBXGroup section */

/* Begin PBXNativeTarget section */
		22BDAD6A2695BFDF00033802 /* ImaGesture */ = {
			isa = PBXNativeTarget;
			buildConfigurationList = 22BDAD952695BFF100033802 /* Build configuration list for PBXNativeTarget "ImaGesture" */;
			buildPhases = (
				22BDAD672695BFDF00033802 /* Sources */,
				22BDAD682695BFDF00033802 /* Frameworks */,
				22BDAD692695BFDF00033802 /* Resources */,
			);
			buildRules = (
			);
			dependencies = (
			);
			name = ImaGesture;
			productName = ImaGesture;
			productReference = 22BDAD6B2695BFDF00033802 /* ImaGesture.app */;
			productType = "com.apple.product-type.application";
		};
		22BDAD802695BFF100033802 /* ImaGestureTests */ = {
			isa = PBXNativeTarget;
			buildConfigurationList = 22BDAD982695BFF100033802 /* Build configuration list for PBXNativeTarget "ImaGestureTests" */;
			buildPhases = (
				22BDAD7D2695BFF100033802 /* Sources */,
				22BDAD7E2695BFF100033802 /* Frameworks */,
				22BDAD7F2695BFF100033802 /* Resources */,
			);
			buildRules = (
			);
			dependencies = (
				22BDAD832695BFF100033802 /* PBXTargetDependency */,
			);
			name = ImaGestureTests;
			productName = ImaGestureTests;
			productReference = 22BDAD812695BFF100033802 /* ImaGestureTests.xctest */;
			productType = "com.apple.product-type.bundle.unit-test";
		};
		22BDAD8B2695BFF100033802 /* ImaGestureUITests */ = {
			isa = PBXNativeTarget;
			buildConfigurationList = 22BDAD9B2695BFF100033802 /* Build configuration list for PBXNativeTarget "ImaGestureUITests" */;
			buildPhases = (
				22BDAD882695BFF100033802 /* Sources */,
				22BDAD892695BFF100033802 /* Frameworks */,
				22BDAD8A2695BFF100033802 /* Resources */,
			);
			buildRules = (
			);
			dependencies = (
				22BDAD8E2695BFF100033802 /* PBXTargetDependency */,
			);
			name = ImaGestureUITests;
			productName = ImaGestureUITests;
			productReference = 22BDAD8C2695BFF100033802 /* ImaGestureUITests.xctest */;
			productType = "com.apple.product-type.bundle.ui-testing";
		};
/* End PBXNativeTarget section */

/* Begin PBXProject section */
		22BDAD632695BFDF00033802 /* Project object */ = {
			isa = PBXProject;
			attributes = {
				LastSwiftUpdateCheck = 1250;
				LastUpgradeCheck = 1250;
				TargetAttributes = {
					22BDAD6A2695BFDF00033802 = {
						CreatedOnToolsVersion = 12.5.1;
					};
					22BDAD802695BFF100033802 = {
						CreatedOnToolsVersion = 12.5.1;
						TestTargetID = 22BDAD6A2695BFDF00033802;
					};
					22BDAD8B2695BFF100033802 = {
						CreatedOnToolsVersion = 12.5.1;
						TestTargetID = 22BDAD6A2695BFDF00033802;
					};
				};
			};
			buildConfigurationList = 22BDAD662695BFDF00033802 /* Build configuration list for PBXProject "ImaGesture" */;
			compatibilityVersion = "Xcode 9.3";
			developmentRegion = en;
			hasScannedForEncodings = 0;
			knownRegions = (
				en,
				Base,
			);
			mainGroup = 22BDAD622695BFDF00033802;
			productRefGroup = 22BDAD6C2695BFDF00033802 /* Products */;
			projectDirPath = "";
			projectRoot = "";
			targets = (
				22BDAD6A2695BFDF00033802 /* ImaGesture */,
				22BDAD802695BFF100033802 /* ImaGestureTests */,
				22BDAD8B2695BFF100033802 /* ImaGestureUITests */,
			);
		};
/* End PBXProject section */

/* Begin PBXResourcesBuildPhase section */
		22BDAD692695BFDF00033802 /* Resources */ = {
			isa = PBXResourcesBuildPhase;
			buildActionMask = 2147483647;
			files = (
				22BDAD7B2695BFF000033802 /* LaunchScreen.storyboard in Resources */,
				22BDAD782695BFF000033802 /* Assets.xcassets in Resources */,
				22BDAD762695BFDF00033802 /* Main.storyboard in Resources */,
			);
			runOnlyForDeploymentPostprocessing = 0;
		};
		22BDAD7F2695BFF100033802 /* Resources */ = {
			isa = PBXResourcesBuildPhase;
			buildActionMask = 2147483647;
			files = (
			);
			runOnlyForDeploymentPostprocessing = 0;
		};
		22BDAD8A2695BFF100033802 /* Resources */ = {
			isa = PBXResourcesBuildPhase;
			buildActionMask = 2147483647;
			files = (
			);
			runOnlyForDeploymentPostprocessing = 0;
		};
/* End PBXResourcesBuildPhase section */

/* Begin PBXSourcesBuildPhase section */
		22BDAD672695BFDF00033802 /* Sources */ = {
			isa = PBXSourcesBuildPhase;
			buildActionMask = 2147483647;
			files = (
				22BDADA32695C32F00033802 /* Extension.swift in Sources */,
				22BDAD732695BFDF00033802 /* ViewController.swift in Sources */,
				22BDAD6F2695BFDF00033802 /* AppDelegate.swift in Sources */,
				22BDAD712695BFDF00033802 /* SceneDelegate.swift in Sources */,
			);
			runOnlyForDeploymentPostprocessing = 0;
		};
		22BDAD7D2695BFF100033802 /* Sources */ = {
			isa = PBXSourcesBuildPhase;
			buildActionMask = 2147483647;
			files = (
				22BDAD862695BFF100033802 /* ImaGestureTests.swift in Sources */,
			);
			runOnlyForDeploymentPostprocessing = 0;
		};
		22BDAD882695BFF100033802 /* Sources */ = {
			isa = PBXSourcesBuildPhase;
			buildActionMask = 2147483647;
			files = (
				22BDAD912695BFF100033802 /* ImaGestureUITests.swift in Sources */,
			);
			runOnlyForDeploymentPostprocessing = 0;
		};
/* End PBXSourcesBuildPhase section */

/* Begin PBXTargetDependency section */
		22BDAD832695BFF100033802 /* PBXTargetDependency */ = {
			isa = PBXTargetDependency;
			target = 22BDAD6A2695BFDF00033802 /* ImaGesture */;
			targetProxy = 22BDAD822695BFF100033802 /* PBXContainerItemProxy */;
		};
		22BDAD8E2695BFF100033802 /* PBXTargetDependency */ = {
			isa = PBXTargetDependency;
			target = 22BDAD6A2695BFDF00033802 /* ImaGesture */;
			targetProxy = 22BDAD8D2695BFF100033802 /* PBXContainerItemProxy */;
		};
/* End PBXTargetDependency section */

/* Begin PBXVariantGroup section */
		22BDAD742695BFDF00033802 /* Main.storyboard */ = {
			isa = PBXVariantGroup;
			children = (
				22BDAD752695BFDF00033802 /* Base */,
			);
			name = Main.storyboard;
			sourceTree = "<group>";
		};
		22BDAD792695BFF000033802 /* LaunchScreen.storyboard */ = {
			isa = PBXVariantGroup;
			children = (
				22BDAD7A2695BFF000033802 /* Base */,
			);
			name = LaunchScreen.storyboard;
			sourceTree = "<group>";
		};
/* End PBXVariantGroup section */

/* Begin XCBuildConfiguration section */
		22BDAD932695BFF100033802 /* Debug */ = {
			isa = XCBuildConfiguration;
			buildSettings = {
				ALWAYS_SEARCH_USER_PATHS = NO;
				CLANG_ANALYZER_NONNULL = YES;
				CLANG_ANALYZER_NUMBER_OBJECT_CONVERSION = YES_AGGRESSIVE;
				CLANG_CXX_LANGUAGE_STANDARD = "gnu++14";
				CLANG_CXX_LIBRARY = "libc++";
				CLANG_ENABLE_MODULES = YES;
				CLANG_ENABLE_OBJC_ARC = YES;
				CLANG_ENABLE_OBJC_WEAK = YES;
				CLANG_WARN_BLOCK_CAPTURE_AUTORELEASING = YES;
				CLANG_WARN_BOOL_CONVERSION = YES;
				CLANG_WARN_COMMA = YES;
				CLANG_WARN_CONSTANT_CONVERSION = YES;
				CLANG_WARN_DEPRECATED_OBJC_IMPLEMENTATIONS = YES;
				CLANG_WARN_DIRECT_OBJC_ISA_USAGE = YES_ERROR;
				CLANG_WARN_DOCUMENTATION_COMMENTS = YES;
				CLANG_WARN_EMPTY_BODY = YES;
				CLANG_WARN_ENUM_CONVERSION = YES;
				CLANG_WARN_INFINITE_RECURSION = YES;
				CLANG_WARN_INT_CONVERSION = YES;
				CLANG_WARN_NON_LITERAL_NULL_CONVERSION = YES;
				CLANG_WARN_OBJC_IMPLICIT_RETAIN_SELF = YES;
				CLANG_WARN_OBJC_LITERAL_CONVERSION = YES;
				CLANG_WARN_OBJC_ROOT_CLASS = YES_ERROR;
				CLANG_WARN_QUOTED_INCLUDE_IN_FRAMEWORK_HEADER = YES;
				CLANG_WARN_RANGE_LOOP_ANALYSIS = YES;
				CLANG_WARN_STRICT_PROTOTYPES = YES;
				CLANG_WARN_SUSPICIOUS_MOVE = YES;
				CLANG_WARN_UNGUARDED_AVAILABILITY = YES_AGGRESSIVE;
				CLANG_WARN_UNREACHABLE_CODE = YES;
				CLANG_WARN__DUPLICATE_METHOD_MATCH = YES;
				COPY_PHASE_STRIP = NO;
				DEBUG_INFORMATION_FORMAT = dwarf;
				ENABLE_STRICT_OBJC_MSGSEND = YES;
				ENABLE_TESTABILITY = YES;
				GCC_C_LANGUAGE_STANDARD = gnu11;
				GCC_DYNAMIC_NO_PIC = NO;
				GCC_NO_COMMON_BLOCKS = YES;
				GCC_OPTIMIZATION_LEVEL = 0;
				GCC_PREPROCESSOR_DEFINITIONS = (
					"DEBUG=1",
					"$(inherited)",
				);
				GCC_WARN_64_TO_32_BIT_CONVERSION = YES;
				GCC_WARN_ABOUT_RETURN_TYPE = YES_ERROR;
				GCC_WARN_UNDECLARED_SELECTOR = YES;
				GCC_WARN_UNINITIALIZED_AUTOS = YES_AGGRESSIVE;
				GCC_WARN_UNUSED_FUNCTION = YES;
				GCC_WARN_UNUSED_VARIABLE = YES;
				IPHONEOS_DEPLOYMENT_TARGET = 14.5;
				MTL_ENABLE_DEBUG_INFO = INCLUDE_SOURCE;
				MTL_FAST_MATH = YES;
				ONLY_ACTIVE_ARCH = YES;
				SDKROOT = iphoneos;
				SWIFT_ACTIVE_COMPILATION_CONDITIONS = DEBUG;
				SWIFT_OPTIMIZATION_LEVEL = "-Onone";
			};
			name = Debug;
		};
		22BDAD942695BFF100033802 /* Release */ = {
			isa = XCBuildConfiguration;
			buildSettings = {
				ALWAYS_SEARCH_USER_PATHS = NO;
				CLANG_ANALYZER_NONNULL = YES;
				CLANG_ANALYZER_NUMBER_OBJECT_CONVERSION = YES_AGGRESSIVE;
				CLANG_CXX_LANGUAGE_STANDARD = "gnu++14";
				CLANG_CXX_LIBRARY = "libc++";
				CLANG_ENABLE_MODULES = YES;
				CLANG_ENABLE_OBJC_ARC = YES;
				CLANG_ENABLE_OBJC_WEAK = YES;
				CLANG_WARN_BLOCK_CAPTURE_AUTORELEASING = YES;
				CLANG_WARN_BOOL_CONVERSION = YES;
				CLANG_WARN_COMMA = YES;
				CLANG_WARN_CONSTANT_CONVERSION = YES;
				CLANG_WARN_DEPRECATED_OBJC_IMPLEMENTATIONS = YES;
				CLANG_WARN_DIRECT_OBJC_ISA_USAGE = YES_ERROR;
				CLANG_WARN_DOCUMENTATION_COMMENTS = YES;
				CLANG_WARN_EMPTY_BODY = YES;
				CLANG_WARN_ENUM_CONVERSION = YES;
				CLANG_WARN_INFINITE_RECURSION = YES;
				CLANG_WARN_INT_CONVERSION = YES;
				CLANG_WARN_NON_LITERAL_NULL_CONVERSION = YES;
				CLANG_WARN_OBJC_IMPLICIT_RETAIN_SELF = YES;
				CLANG_WARN_OBJC_LITERAL_CONVERSION = YES;
				CLANG_WARN_OBJC_ROOT_CLASS = YES_ERROR;
				CLANG_WARN_QUOTED_INCLUDE_IN_FRAMEWORK_HEADER = YES;
				CLANG_WARN_RANGE_LOOP_ANALYSIS = YES;
				CLANG_WARN_STRICT_PROTOTYPES = YES;
				CLANG_WARN_SUSPICIOUS_MOVE = YES;
				CLANG_WARN_UNGUARDED_AVAILABILITY = YES_AGGRESSIVE;
				CLANG_WARN_UNREACHABLE_CODE = YES;
				CLANG_WARN__DUPLICATE_METHOD_MATCH = YES;
				COPY_PHASE_STRIP = NO;
				DEBUG_INFORMATION_FORMAT = "dwarf-with-dsym";
				ENABLE_NS_ASSERTIONS = NO;
				ENABLE_STRICT_OBJC_MSGSEND = YES;
				GCC_C_LANGUAGE_STANDARD = gnu11;
				GCC_NO_COMMON_BLOCKS = YES;
				GCC_WARN_64_TO_32_BIT_CONVERSION = YES;
				GCC_WARN_ABOUT_RETURN_TYPE = YES_ERROR;
				GCC_WARN_UNDECLARED_SELECTOR = YES;
				GCC_WARN_UNINITIALIZED_AUTOS = YES_AGGRESSIVE;
				GCC_WARN_UNUSED_FUNCTION = YES;
				GCC_WARN_UNUSED_VARIABLE = YES;
				IPHONEOS_DEPLOYMENT_TARGET = 14.5;
				MTL_ENABLE_DEBUG_INFO = NO;
				MTL_FAST_MATH = YES;
				SDKROOT = iphoneos;
				SWIFT_COMPILATION_MODE = wholemodule;
				SWIFT_OPTIMIZATION_LEVEL = "-O";
				VALIDATE_PRODUCT = YES;
			};
			name = Release;
		};
		22BDAD962695BFF100033802 /* Debug */ = {
			isa = XCBuildConfiguration;
			buildSettings = {
				ASSETCATALOG_COMPILER_APPICON_NAME = AppIcon;
				ASSETCATALOG_COMPILER_GLOBAL_ACCENT_COLOR_NAME = AccentColor;
				CODE_SIGN_STYLE = Automatic;
				INFOPLIST_FILE = ImaGesture/Info.plist;
				LD_RUNPATH_SEARCH_PATHS = (
					"$(inherited)",
					"@executable_path/Frameworks",
				);
				PRODUCT_BUNDLE_IDENTIFIER = kevin.ImaGesture;
				PRODUCT_NAME = "$(TARGET_NAME)";
				SWIFT_VERSION = 5.0;
				TARGETED_DEVICE_FAMILY = "1,2";
			};
			name = Debug;
		};
		22BDAD972695BFF100033802 /* Release */ = {
			isa = XCBuildConfiguration;
			buildSettings = {
				ASSETCATALOG_COMPILER_APPICON_NAME = AppIcon;
				ASSETCATALOG_COMPILER_GLOBAL_ACCENT_COLOR_NAME = AccentColor;
				CODE_SIGN_STYLE = Automatic;
				INFOPLIST_FILE = ImaGesture/Info.plist;
				LD_RUNPATH_SEARCH_PATHS = (
					"$(inherited)",
					"@executable_path/Frameworks",
				);
				PRODUCT_BUNDLE_IDENTIFIER = kevin.ImaGesture;
				PRODUCT_NAME = "$(TARGET_NAME)";
				SWIFT_VERSION = 5.0;
				TARGETED_DEVICE_FAMILY = "1,2";
			};
			name = Release;
		};
		22BDAD992695BFF100033802 /* Debug */ = {
			isa = XCBuildConfiguration;
			buildSettings = {
				ALWAYS_EMBED_SWIFT_STANDARD_LIBRARIES = YES;
				BUNDLE_LOADER = "$(TEST_HOST)";
				CODE_SIGN_STYLE = Automatic;
				INFOPLIST_FILE = ImaGestureTests/Info.plist;
				IPHONEOS_DEPLOYMENT_TARGET = 14.5;
				LD_RUNPATH_SEARCH_PATHS = (
					"$(inherited)",
					"@executable_path/Frameworks",
					"@loader_path/Frameworks",
				);
				PRODUCT_BUNDLE_IDENTIFIER = kevin.ImaGestureTests;
				PRODUCT_NAME = "$(TARGET_NAME)";
				SWIFT_VERSION = 5.0;
				TARGETED_DEVICE_FAMILY = "1,2";
				TEST_HOST = "$(BUILT_PRODUCTS_DIR)/ImaGesture.app/ImaGesture";
			};
			name = Debug;
		};
		22BDAD9A2695BFF100033802 /* Release */ = {
			isa = XCBuildConfiguration;
			buildSettings = {
				ALWAYS_EMBED_SWIFT_STANDARD_LIBRARIES = YES;
				BUNDLE_LOADER = "$(TEST_HOST)";
				CODE_SIGN_STYLE = Automatic;
				INFOPLIST_FILE = ImaGestureTests/Info.plist;
				IPHONEOS_DEPLOYMENT_TARGET = 14.5;
				LD_RUNPATH_SEARCH_PATHS = (
					"$(inherited)",
					"@executable_path/Frameworks",
					"@loader_path/Frameworks",
				);
				PRODUCT_BUNDLE_IDENTIFIER = kevin.ImaGestureTests;
				PRODUCT_NAME = "$(TARGET_NAME)";
				SWIFT_VERSION = 5.0;
				TARGETED_DEVICE_FAMILY = "1,2";
				TEST_HOST = "$(BUILT_PRODUCTS_DIR)/ImaGesture.app/ImaGesture";
			};
			name = Release;
		};
		22BDAD9C2695BFF100033802 /* Debug */ = {
			isa = XCBuildConfiguration;
			buildSettings = {
				ALWAYS_EMBED_SWIFT_STANDARD_LIBRARIES = YES;
				CODE_SIGN_STYLE = Automatic;
				INFOPLIST_FILE = ImaGestureUITests/Info.plist;
				LD_RUNPATH_SEARCH_PATHS = (
					"$(inherited)",
					"@executable_path/Frameworks",
					"@loader_path/Frameworks",
				);
				PRODUCT_BUNDLE_IDENTIFIER = kevin.ImaGestureUITests;
				PRODUCT_NAME = "$(TARGET_NAME)";
				SWIFT_VERSION = 5.0;
				TARGETED_DEVICE_FAMILY = "1,2";
				TEST_TARGET_NAME = ImaGesture;
			};
			name = Debug;
		};
		22BDAD9D2695BFF100033802 /* Release */ = {
			isa = XCBuildConfiguration;
			buildSettings = {
				ALWAYS_EMBED_SWIFT_STANDARD_LIBRARIES = YES;
				CODE_SIGN_STYLE = Automatic;
				INFOPLIST_FILE = ImaGestureUITests/Info.plist;
				LD_RUNPATH_SEARCH_PATHS = (
					"$(inherited)",
					"@executable_path/Frameworks",
					"@loader_path/Frameworks",
				);
				PRODUCT_BUNDLE_IDENTIFIER = kevin.ImaGestureUITests;
				PRODUCT_NAME = "$(TARGET_NAME)";
				SWIFT_VERSION = 5.0;
				TARGETED_DEVICE_FAMILY = "1,2";
				TEST_TARGET_NAME = ImaGesture;
			};
			name = Release;
		};
/* End XCBuildConfiguration section */

/* Begin XCConfigurationList section */
		22BDAD662695BFDF00033802 /* Build configuration list for PBXProject "ImaGesture" */ = {
			isa = XCConfigurationList;
			buildConfigurations = (
				22BDAD932695BFF100033802 /* Debug */,
				22BDAD942695BFF100033802 /* Release */,
			);
			defaultConfigurationIsVisible = 0;
			defaultConfigurationName = Release;
		};
		22BDAD952695BFF100033802 /* Build configuration list for PBXNativeTarget "ImaGesture" */ = {
			isa = XCConfigurationList;
			buildConfigurations = (
				22BDAD962695BFF100033802 /* Debug */,
				22BDAD972695BFF100033802 /* Release */,
			);
			defaultConfigurationIsVisible = 0;
			defaultConfigurationName = Release;
		};
		22BDAD982695BFF100033802 /* Build configuration list for PBXNativeTarget "ImaGestureTests" */ = {
			isa = XCConfigurationList;
			buildConfigurations = (
				22BDAD992695BFF100033802 /* Debug */,
				22BDAD9A2695BFF100033802 /* Release */,
			);
			defaultConfigurationIsVisible = 0;
			defaultConfigurationName = Release;
		};
		22BDAD9B2695BFF100033802 /* Build configuration list for PBXNativeTarget "ImaGestureUITests" */ = {
			isa = XCConfigurationList;
			buildConfigurations = (
				22BDAD9C2695BFF100033802 /* Debug */,
				22BDAD9D2695BFF100033802 /* Release */,
			);
			defaultConfigurationIsVisible = 0;
			defaultConfigurationName = Release;
		};
/* End XCConfigurationList section */
	};
	rootObject = 22BDAD632695BFDF00033802 /* Project object */;
}
